
Microsoft Visual Studio Solution File, Format Version 12.00
# Visual Studio 14
VisualStudioVersion = 14.0.25123.0
MinimumVisualStudioVersion = 10.0.40219.1
Project("{FAE04EC0-301F-11D3-BF4B-00C04F79EFBC}") = "PhysK", "PhysK\PhysK\PhysK.csproj", "{57930E3E-F95D-46C5-81FE-7CD9FFE38725}"
EndProject
Project("{FAE04EC0-301F-11D3-BF4B-00C04F79EFBC}") = "PhysK Sample", "PhysK Sample\PhysK Sample\PhysK Sample.csproj", "{91202A33-0932-480A-B594-F686EC34D35F}"
EndProject
Project("{FAE04EC0-301F-11D3-BF4B-00C04F79EFBC}") = "PhysK SampleContent", "PhysK Sample\PhysK SampleContent\PhysK SampleContent.contentproj", "{C4AED81B-0083-471A-B3E1-4DEA1AFCDB22}"
EndProject
Global
	GlobalSection(SolutionConfigurationPlatforms) = preSolution
		Debug|x86 = Debug|x86
		Release|x86 = Release|x86
	EndGlobalSection
	GlobalSection(ProjectConfigurationPlatforms) = postSolution
		{57930E3E-F95D-46C5-81FE-7CD9FFE38725}.Debug|x86.ActiveCfg = Debug|x86
		{57930E3E-F95D-46C5-81FE-7CD9FFE38725}.Debug|x86.Build.0 = Debug|x86
		{57930E3E-F95D-46C5-81FE-7CD9FFE38725}.Release|x86.ActiveCfg = Release|x86
		{57930E3E-F95D-46C5-81FE-7CD9FFE38725}.Release|x86.Build.0 = Release|x86
		{91202A33-0932-480A-B594-F686EC34D35F}.Debug|x86.ActiveCfg = Debug|x86
		{91202A33-0932-480A-B594-F686EC34D35F}.Debug|x86.Build.0 = Debug|x86
		{91202A33-0932-480A-B594-F686EC34D35F}.Release|x86.ActiveCfg = Release|x86
		{91202A33-0932-480A-B594-F686EC34D35F}.Release|x86.Build.0 = Release|x86
		{C4AED81B-0083-471A-B3E1-4DEA1AFCDB22}.Debug|x86.ActiveCfg = Debug|x86
		{C4AED81B-0083-471A-B3E1-4DEA1AFCDB22}.Release|x86.ActiveCfg = Release|x86
	EndGlobalSection
	GlobalSection(SolutionProperties) = preSolution
		HideSolutionNode = FALSE
	EndGlobalSection
EndGlobal
